
Microsoft Visual Studio Solution File, Format Version 12.00
# Visual Studio 15
Project("{FAE04EC0-301F-11D3-BF4B-00C04F79EFBC}") = "xxAMIDOxx.xxSTACKSxx.E2E.Selenium", "xxAMIDOxx.xxSTACKSxx.E2E.Selenium.csproj", "{0C915B39-7AF5-4ED4-AFAA-9DF6241BE447}"
EndProject
Global
	GlobalSection(SolutionConfigurationPlatforms) = preSolution
		Debug|Any CPU = Debug|Any CPU
		Release|Any CPU = Release|Any CPU
	EndGlobalSection
	GlobalSection(ProjectConfigurationPlatforms) = postSolution
		{0C915B39-7AF5-4ED4-AFAA-9DF6241BE447}.Debug|Any CPU.ActiveCfg = Debug|Any CPU
		{0C915B39-7AF5-4ED4-AFAA-9DF6241BE447}.Debug|Any CPU.Build.0 = Debug|Any CPU
		{0C915B39-7AF5-4ED4-AFAA-9DF6241BE447}.Release|Any CPU.ActiveCfg = Release|Any CPU
		{0C915B39-7AF5-4ED4-AFAA-9DF6241BE447}.Release|Any CPU.Build.0 = Release|Any CPU
	EndGlobalSection
EndGlobal
